// !$*UTF8*$!
{
	archiveVersion = 1;
	classes = {
	};
	objectVersion = 46;
	objects = {

/* Begin PBXBuildFile section */
		C13DEB8D18EB42F50034B424 /* main.c in Sources */ = {isa = PBXBuildFile; fileRef = C13DEB8B18EB42F50034B424 /* main.c */; };
/* End PBXBuildFile section */

/* Begin PBXCopyFilesBuildPhase section */
		C17E2A7F18E7F90800D0B8C2 /* CopyFiles */ = {
			isa = PBXCopyFilesBuildPhase;
			buildActionMask = 2147483647;
			dstPath = /usr/share/man/man1/;
			dstSubfolderSpec = 0;
			files = (
			);
			runOnlyForDeploymentPostprocessing = 1;
		};
/* End PBXCopyFilesBuildPhase section */

/* Begin PBXFileReference section */
		C13DEB8B18EB42F50034B424 /* main.c */ = {isa = PBXFileReference; fileEncoding = 4; lastKnownFileType = sourcecode.c.c; name = main.c; path = SortingAlgorithms/main.c; sourceTree = SOURCE_ROOT; };
		C13DEB8C18EB42F50034B424 /* SortingAlgorithms.1 */ = {isa = PBXFileReference; fileEncoding = 4; lastKnownFileType = text.man; name = SortingAlgorithms.1; path = SortingAlgorithms/SortingAlgorithms.1; sourceTree = SOURCE_ROOT; };
		C17E2A8118E7F90800D0B8C2 /* SortingAlgorithms */ = {isa = PBXFileReference; explicitFileType = "compiled.mach-o.executable"; includeInIndex = 0; path = SortingAlgorithms; sourceTree = BUILT_PRODUCTS_DIR; };
/* End PBXFileReference section */

/* Begin PBXFrameworksBuildPhase section */
		C17E2A7E18E7F90800D0B8C2 /* Frameworks */ = {
			isa = PBXFrameworksBuildPhase;
			buildActionMask = 2147483647;
			files = (
			);
			runOnlyForDeploymentPostprocessing = 0;
		};
/* End PBXFrameworksBuildPhase section */

/* Begin PBXGroup section */
		C17E2A7818E7F90800D0B8C2 = {
			isa = PBXGroup;
			children = (
				C17E2A8318E7F90800D0B8C2 /* SortingAlgorithms */,
				C17E2A8218E7F90800D0B8C2 /* Products */,
			);
			sourceTree = "<group>";
		};
		C17E2A8218E7F90800D0B8C2 /* Products */ = {
			isa = PBXGroup;
			children = (
				C17E2A8118E7F90800D0B8C2 /* SortingAlgorithms */,
			);
			name = Products;
			sourceTree = "<group>";
		};
		C17E2A8318E7F90800D0B8C2 /* SortingAlgorithms */ = {
			isa = PBXGroup;
			children = (
				C13DEB8B18EB42F50034B424 /* main.c */,
				C13DEB8C18EB42F50034B424 /* SortingAlgorithms.1 */,
			);
			name = SortingAlgorithms;
			path = QuickSort;
			sourceTree = "<group>";
		};
/* End PBXGroup section */

/* Begin PBXNativeTarget section */
		C17E2A8018E7F90800D0B8C2 /* SortingAlgorithms */ = {
			isa = PBXNativeTarget;
			buildConfigurationList = C17E2A8A18E7F90800D0B8C2 /* Build configuration list for PBXNativeTarget "SortingAlgorithms" */;
			buildPhases = (
				C17E2A7D18E7F90800D0B8C2 /* Sources */,
				C17E2A7E18E7F90800D0B8C2 /* Frameworks */,
				C17E2A7F18E7F90800D0B8C2 /* CopyFiles */,
			);
			buildRules = (
			);
			dependencies = (
			);
			name = SortingAlgorithms;
			productName = QuickSort;
			productReference = C17E2A8118E7F90800D0B8C2 /* SortingAlgorithms */;
			productType = "com.apple.product-type.tool";
		};
/* End PBXNativeTarget section */

/* Begin PBXProject section */
		C17E2A7918E7F90800D0B8C2 /* Project object */ = {
			isa = PBXProject;
			attributes = {
				LastUpgradeCheck = 0510;
				ORGANIZATIONNAME = "Adam Cotugno";
			};
			buildConfigurationList = C17E2A7C18E7F90800D0B8C2 /* Build configuration list for PBXProject "SortingAlgorithms" */;
			compatibilityVersion = "Xcode 3.2";
			developmentRegion = English;
			hasScannedForEncodings = 0;
			knownRegions = (
				en,
			);
			mainGroup = C17E2A7818E7F90800D0B8C2;
			productRefGroup = C17E2A8218E7F90800D0B8C2 /* Products */;
			projectDirPath = "";
			projectRoot = "";
			targets = (
				C17E2A8018E7F90800D0B8C2 /* SortingAlgorithms */,
			);
		};
/* End PBXProject section */

/* Begin PBXSourcesBuildPhase section */
		C17E2A7D18E7F90800D0B8C2 /* Sources */ = {
			isa = PBXSourcesBuildPhase;
			buildActionMask = 2147483647;
			files = (
				C13DEB8D18EB42F50034B424 /* main.c in Sources */,
			);
			runOnlyForDeploymentPostprocessing = 0;
		};
/* End PBXSourcesBuildPhase section */

/* Begin XCBuildConfiguration section */
		C17E2A8818E7F90800D0B8C2 /* Debug */ = {
			isa = XCBuildConfiguration;
			buildSettings = {
				ALWAYS_SEARCH_USER_PATHS = NO;
				CLANG_CXX_LANGUAGE_STANDARD = "gnu++0x";
				CLANG_CXX_LIBRARY = "libc++";
				CLANG_ENABLE_MODULES = YES;
				CLANG_ENABLE_OBJC_ARC = YES;
				CLANG_WARN_BOOL_CONVERSION = YES;
				CLANG_WARN_CONSTANT_CONVERSION = YES;
				CLANG_WARN_DIRECT_OBJC_ISA_USAGE = YES_ERROR;
				CLANG_WARN_EMPTY_BODY = YES;
				CLANG_WARN_ENUM_CONVERSION = YES;
				CLANG_WARN_INT_CONVERSION = YES;
				CLANG_WARN_OBJC_ROOT_CLASS = YES_ERROR;
				CLANG_WARN__DUPLICATE_METHOD_MATCH = YES;
				COPY_PHASE_STRIP = NO;
				GCC_C_LANGUAGE_STANDARD = gnu99;
				GCC_DYNAMIC_NO_PIC = NO;
				GCC_ENABLE_OBJC_EXCEPTIONS = YES;
				GCC_OPTIMIZATION_LEVEL = 0;
				GCC_PREPROCESSOR_DEFINITIONS = (
					"DEBUG=1",
					"$(inherited)",
				);
				GCC_SYMBOLS_PRIVATE_EXTERN = NO;
				GCC_WARN_64_TO_32_BIT_CONVERSION = YES;
				GCC_WARN_ABOUT_RETURN_TYPE = YES_ERROR;
				GCC_WARN_UNDECLARED_SELECTOR = YES;
				GCC_WARN_UNINITIALIZED_AUTOS = YES_AGGRESSIVE;
				GCC_WARN_UNUSED_FUNCTION = YES;
				GCC_WARN_UNUSED_VARIABLE = YES;
				MACOSX_DEPLOYMENT_TARGET = 10.9;
				ONLY_ACTIVE_ARCH = YES;
				SDKROOT = macosx;
			};
			name = Debug;
		};
		C17E2A8918E7F90800D0B8C2 /* Release */ = {
			isa = XCBuildConfiguration;
			buildSettings = {
				ALWAYS_SEARCH_USER_PATHS = NO;
				CLANG_CXX_LANGUAGE_STANDARD = "gnu++0x";
				CLANG_CXX_LIBRARY = "libc++";
				CLANG_ENABLE_MODULES = YES;
				CLANG_ENABLE_OBJC_ARC = YES;
				CLANG_WARN_BOOL_CONVERSION = YES;
				CLANG_WARN_CONSTANT_CONVERSION = YES;
				CLANG_WARN_DIRECT_OBJC_ISA_USAGE = YES_ERROR;
				CLANG_WARN_EMPTY_BODY = YES;
				CLANG_WARN_ENUM_CONVERSION = YES;
				CLANG_WARN_INT_CONVERSION = YES;
				CLANG_WARN_OBJC_ROOT_CLASS = YES_ERROR;
				CLANG_WARN__DUPLICATE_METHOD_MATCH = YES;
				COPY_PHASE_STRIP = YES;
				DEBUG_INFORMATION_FORMAT = "dwarf-with-dsym";
				ENABLE_NS_ASSERTIONS = NO;
				GCC_C_LANGUAGE_STANDARD = gnu99;
				GCC_ENABLE_OBJC_EXCEPTIONS = YES;
				GCC_WARN_64_TO_32_BIT_CONVERSION = YES;
				GCC_WARN_ABOUT_RETURN_TYPE = YES_ERROR;
				GCC_WARN_UNDECLARED_SELECTOR = YES;
				GCC_WARN_UNINITIALIZED_AUTOS = YES_AGGRESSIVE;
				GCC_WARN_UNUSED_FUNCTION = YES;
				GCC_WARN_UNUSED_VARIABLE = YES;
				MACOSX_DEPLOYMENT_TARGET = 10.9;
				SDKROOT = macosx;
			};
			name = Release;
		};
		C17E2A8B18E7F90800D0B8C2 /* Debug */ = {
			isa = XCBuildConfiguration;
			buildSettings = {
				PRODUCT_NAME = SortingAlgorithms;
			};
			name = Debug;
		};
		C17E2A8C18E7F90800D0B8C2 /* Release */ = {
			isa = XCBuildConfiguration;
			buildSettings = {
				PRODUCT_NAME = SortingAlgorithms;
			};
			name = Release;
		};
/* End XCBuildConfiguration section */

/* Begin XCConfigurationList section */
		C17E2A7C18E7F90800D0B8C2 /* Build configuration list for PBXProject "SortingAlgorithms" */ = {
			isa = XCConfigurationList;
			buildConfigurations = (
				C17E2A8818E7F90800D0B8C2 /* Debug */,
				C17E2A8918E7F90800D0B8C2 /* Release */,
			);
			defaultConfigurationIsVisible = 0;
			defaultConfigurationName = Release;
		};
		C17E2A8A18E7F90800D0B8C2 /* Build configuration list for PBXNativeTarget "SortingAlgorithms" */ = {
			isa = XCConfigurationList;
			buildConfigurations = (
				C17E2A8B18E7F90800D0B8C2 /* Debug */,
				C17E2A8C18E7F90800D0B8C2 /* Release */,
			);
			defaultConfigurationIsVisible = 0;
			defaultConfigurationName = Release;
		};
/* End XCConfigurationList section */
	};
	rootObject = C17E2A7918E7F90800D0B8C2 /* Project object */;
}
